
Microsoft Visual Studio Solution File, Format Version 11.00
# Visual Studio 2010
Project("{FAE04EC0-301F-11D3-BF4B-00C04F79EFBC}") = "Assembly-CSharp", "Assembly-CSharp.csproj", "{8BA3F5D1-E75E-6C6F-7AD9-D51FB0700CF9}"
EndProject
Project("{FAE04EC0-301F-11D3-BF4B-00C04F79EFBC}") = "Assembly-CSharp-firstpass", "Assembly-CSharp-firstpass.csproj", "{96ACA90C-B106-9E97-5879-B3DF1C2432A7}"
EndProject
Project("{FAE04EC0-301F-11D3-BF4B-00C04F79EFBC}") = "Assembly-CSharp-Editor", "Assembly-CSharp-Editor.csproj", "{6BF226B1-4D46-FC3C-70B9-4FF415792126}"
EndProject
Global
	GlobalSection(SolutionConfigurationPlatforms) = preSolution
		Debug|Any CPU = Debug|Any CPU
		Release|Any CPU = Release|Any CPU
	EndGlobalSection
	GlobalSection(ProjectConfigurationPlatforms) = postSolution
		{8BA3F5D1-E75E-6C6F-7AD9-D51FB0700CF9}.Debug|Any CPU.ActiveCfg = Debug|Any CPU
		{8BA3F5D1-E75E-6C6F-7AD9-D51FB0700CF9}.Debug|Any CPU.Build.0 = Debug|Any CPU
		{8BA3F5D1-E75E-6C6F-7AD9-D51FB0700CF9}.Release|Any CPU.ActiveCfg = Release|Any CPU
		{8BA3F5D1-E75E-6C6F-7AD9-D51FB0700CF9}.Release|Any CPU.Build.0 = Release|Any CPU
		{96ACA90C-B106-9E97-5879-B3DF1C2432A7}.Debug|Any CPU.ActiveCfg = Debug|Any CPU
		{96ACA90C-B106-9E97-5879-B3DF1C2432A7}.Debug|Any CPU.Build.0 = Debug|Any CPU
		{96ACA90C-B106-9E97-5879-B3DF1C2432A7}.Release|Any CPU.ActiveCfg = Release|Any CPU
		{96ACA90C-B106-9E97-5879-B3DF1C2432A7}.Release|Any CPU.Build.0 = Release|Any CPU
		{6BF226B1-4D46-FC3C-70B9-4FF415792126}.Debug|Any CPU.ActiveCfg = Debug|Any CPU
		{6BF226B1-4D46-FC3C-70B9-4FF415792126}.Debug|Any CPU.Build.0 = Debug|Any CPU
		{6BF226B1-4D46-FC3C-70B9-4FF415792126}.Release|Any CPU.ActiveCfg = Release|Any CPU
		{6BF226B1-4D46-FC3C-70B9-4FF415792126}.Release|Any CPU.Build.0 = Release|Any CPU
	EndGlobalSection
	GlobalSection(SolutionProperties) = preSolution
		HideSolutionNode = FALSE
	EndGlobalSection
EndGlobal
